// !$*UTF8*$!
{
	archiveVersion = 1;
	classes = {
	};
	objectVersion = 46;
	objects = {

/* Begin PBXBuildFile section */
		706AA2E0137711F800FBAF2E /* UIKit.framework in Frameworks */ = {isa = PBXBuildFile; fileRef = 706AA2DF137711F800FBAF2E /* UIKit.framework */; };
		706AA2E2137711F800FBAF2E /* Foundation.framework in Frameworks */ = {isa = PBXBuildFile; fileRef = 706AA2E1137711F800FBAF2E /* Foundation.framework */; };
		706AA2E4137711F800FBAF2E /* CoreGraphics.framework in Frameworks */ = {isa = PBXBuildFile; fileRef = 706AA2E3137711F800FBAF2E /* CoreGraphics.framework */; };
		706AA306137711F800FBAF2E /* UIKit.framework in Frameworks */ = {isa = PBXBuildFile; fileRef = 706AA2DF137711F800FBAF2E /* UIKit.framework */; };
		706AA307137711F800FBAF2E /* Foundation.framework in Frameworks */ = {isa = PBXBuildFile; fileRef = 706AA2E1137711F800FBAF2E /* Foundation.framework */; };
		706AA308137711F800FBAF2E /* CoreGraphics.framework in Frameworks */ = {isa = PBXBuildFile; fileRef = 706AA2E3137711F800FBAF2E /* CoreGraphics.framework */; };
		706AA310137711F800FBAF2E /* InfoPlist.strings in Resources */ = {isa = PBXBuildFile; fileRef = 706AA30E137711F800FBAF2E /* InfoPlist.strings */; };
		706AA313137711F800FBAF2E /* DrinkAppTests.h in Resources */ = {isa = PBXBuildFile; fileRef = 706AA312137711F800FBAF2E /* DrinkAppTests.h */; };
		706AA315137711F800FBAF2E /* DrinkAppTests.m in Sources */ = {isa = PBXBuildFile; fileRef = 706AA314137711F800FBAF2E /* DrinkAppTests.m */; };
		706AA424137A329E00FBAF2E /* Facebook.m in Sources */ = {isa = PBXBuildFile; fileRef = 706AA409137A329E00FBAF2E /* Facebook.m */; };
		706AA425137A329E00FBAF2E /* Facebook.m in Sources */ = {isa = PBXBuildFile; fileRef = 706AA409137A329E00FBAF2E /* Facebook.m */; };
		706AA426137A329E00FBAF2E /* FBDialog.bundle in Resources */ = {isa = PBXBuildFile; fileRef = 706AA40C137A329E00FBAF2E /* FBDialog.bundle */; };
		706AA427137A329E00FBAF2E /* FBDialog.bundle in Resources */ = {isa = PBXBuildFile; fileRef = 706AA40C137A329E00FBAF2E /* FBDialog.bundle */; };
		706AA428137A329E00FBAF2E /* FBDialog.m in Sources */ = {isa = PBXBuildFile; fileRef = 706AA40E137A329E00FBAF2E /* FBDialog.m */; };
		706AA429137A329E00FBAF2E /* FBDialog.m in Sources */ = {isa = PBXBuildFile; fileRef = 706AA40E137A329E00FBAF2E /* FBDialog.m */; };
		706AA42A137A329E00FBAF2E /* FBLoginDialog.m in Sources */ = {isa = PBXBuildFile; fileRef = 706AA410137A329E00FBAF2E /* FBLoginDialog.m */; };
		706AA42B137A329E00FBAF2E /* FBLoginDialog.m in Sources */ = {isa = PBXBuildFile; fileRef = 706AA410137A329E00FBAF2E /* FBLoginDialog.m */; };
		706AA42C137A329E00FBAF2E /* FBRequest.m in Sources */ = {isa = PBXBuildFile; fileRef = 706AA412137A329E00FBAF2E /* FBRequest.m */; };
		706AA42D137A329E00FBAF2E /* FBRequest.m in Sources */ = {isa = PBXBuildFile; fileRef = 706AA412137A329E00FBAF2E /* FBRequest.m */; };
		706AA42E137A329E00FBAF2E /* NSObject+SBJSON.m in Sources */ = {isa = PBXBuildFile; fileRef = 706AA416137A329E00FBAF2E /* NSObject+SBJSON.m */; };
		706AA42F137A329E00FBAF2E /* NSObject+SBJSON.m in Sources */ = {isa = PBXBuildFile; fileRef = 706AA416137A329E00FBAF2E /* NSObject+SBJSON.m */; };
		706AA430137A329E00FBAF2E /* NSString+SBJSON.m in Sources */ = {isa = PBXBuildFile; fileRef = 706AA418137A329E00FBAF2E /* NSString+SBJSON.m */; };
		706AA431137A329E00FBAF2E /* NSString+SBJSON.m in Sources */ = {isa = PBXBuildFile; fileRef = 706AA418137A329E00FBAF2E /* NSString+SBJSON.m */; };
		706AA432137A329E00FBAF2E /* SBJSON.m in Sources */ = {isa = PBXBuildFile; fileRef = 706AA41A137A329E00FBAF2E /* SBJSON.m */; };
		706AA433137A329E00FBAF2E /* SBJSON.m in Sources */ = {isa = PBXBuildFile; fileRef = 706AA41A137A329E00FBAF2E /* SBJSON.m */; };
		706AA434137A329E00FBAF2E /* SBJsonBase.m in Sources */ = {isa = PBXBuildFile; fileRef = 706AA41C137A329E00FBAF2E /* SBJsonBase.m */; };
		706AA435137A329E00FBAF2E /* SBJsonBase.m in Sources */ = {isa = PBXBuildFile; fileRef = 706AA41C137A329E00FBAF2E /* SBJsonBase.m */; };
		706AA436137A329E00FBAF2E /* SBJsonParser.m in Sources */ = {isa = PBXBuildFile; fileRef = 706AA41E137A329E00FBAF2E /* SBJsonParser.m */; };
		706AA437137A329E00FBAF2E /* SBJsonParser.m in Sources */ = {isa = PBXBuildFile; fileRef = 706AA41E137A329E00FBAF2E /* SBJsonParser.m */; };
		706AA438137A329E00FBAF2E /* SBJsonWriter.m in Sources */ = {isa = PBXBuildFile; fileRef = 706AA420137A329E00FBAF2E /* SBJsonWriter.m */; };
		706AA439137A329E00FBAF2E /* SBJsonWriter.m in Sources */ = {isa = PBXBuildFile; fileRef = 706AA420137A329E00FBAF2E /* SBJsonWriter.m */; };
		707C7C4913825944006B6D97 /* ASIAuthenticationDialog.m in Sources */ = {isa = PBXBuildFile; fileRef = 707C7B7313825944006B6D97 /* ASIAuthenticationDialog.m */; };
		707C7C4A13825944006B6D97 /* ASIAuthenticationDialog.m in Sources */ = {isa = PBXBuildFile; fileRef = 707C7B7313825944006B6D97 /* ASIAuthenticationDialog.m */; };
		707C7C4B13825944006B6D97 /* ASIDataCompressor.m in Sources */ = {isa = PBXBuildFile; fileRef = 707C7B7613825944006B6D97 /* ASIDataCompressor.m */; };
		707C7C4C13825944006B6D97 /* ASIDataCompressor.m in Sources */ = {isa = PBXBuildFile; fileRef = 707C7B7613825944006B6D97 /* ASIDataCompressor.m */; };
		707C7C4D13825944006B6D97 /* ASIDataDecompressor.m in Sources */ = {isa = PBXBuildFile; fileRef = 707C7B7813825944006B6D97 /* ASIDataDecompressor.m */; };
		707C7C4E13825944006B6D97 /* ASIDataDecompressor.m in Sources */ = {isa = PBXBuildFile; fileRef = 707C7B7813825944006B6D97 /* ASIDataDecompressor.m */; };
		707C7C4F13825944006B6D97 /* ASIDownloadCache.m in Sources */ = {isa = PBXBuildFile; fileRef = 707C7B7A13825944006B6D97 /* ASIDownloadCache.m */; };
		707C7C5013825944006B6D97 /* ASIDownloadCache.m in Sources */ = {isa = PBXBuildFile; fileRef = 707C7B7A13825944006B6D97 /* ASIDownloadCache.m */; };
		707C7C5113825944006B6D97 /* ASIFormDataRequest.m in Sources */ = {isa = PBXBuildFile; fileRef = 707C7B7C13825944006B6D97 /* ASIFormDataRequest.m */; };
		707C7C5213825944006B6D97 /* ASIFormDataRequest.m in Sources */ = {isa = PBXBuildFile; fileRef = 707C7B7C13825944006B6D97 /* ASIFormDataRequest.m */; };
		707C7C5313825944006B6D97 /* ASIHTTPRequest.m in Sources */ = {isa = PBXBuildFile; fileRef = 707C7B7E13825944006B6D97 /* ASIHTTPRequest.m */; };
		707C7C5413825944006B6D97 /* ASIHTTPRequest.m in Sources */ = {isa = PBXBuildFile; fileRef = 707C7B7E13825944006B6D97 /* ASIHTTPRequest.m */; };
		707C7C5513825944006B6D97 /* ASIInputStream.m in Sources */ = {isa = PBXBuildFile; fileRef = 707C7B8213825944006B6D97 /* ASIInputStream.m */; };
		707C7C5613825944006B6D97 /* ASIInputStream.m in Sources */ = {isa = PBXBuildFile; fileRef = 707C7B8213825944006B6D97 /* ASIInputStream.m */; };
		707C7C5713825944006B6D97 /* ASINetworkQueue.m in Sources */ = {isa = PBXBuildFile; fileRef = 707C7B8413825944006B6D97 /* ASINetworkQueue.m */; };
		707C7C5813825944006B6D97 /* ASINetworkQueue.m in Sources */ = {isa = PBXBuildFile; fileRef = 707C7B8413825944006B6D97 /* ASINetworkQueue.m */; };
		707C7C9313825944006B6D97 /* DONORS in Resources */ = {isa = PBXBuildFile; fileRef = 707C7BC413825944006B6D97 /* DONORS */; };
		707C7C9413825944006B6D97 /* DONORS in Resources */ = {isa = PBXBuildFile; fileRef = 707C7BC413825944006B6D97 /* DONORS */; };
		707C7C9713825944006B6D97 /* Reachability.m in Sources */ = {isa = PBXBuildFile; fileRef = 707C7BCA13825944006B6D97 /* Reachability.m */; };
		707C7C9813825944006B6D97 /* Reachability.m in Sources */ = {isa = PBXBuildFile; fileRef = 707C7BCA13825944006B6D97 /* Reachability.m */; };
		707C7CED13825A2F006B6D97 /* CFNetwork.framework in Frameworks */ = {isa = PBXBuildFile; fileRef = 707C7CEC13825A2F006B6D97 /* CFNetwork.framework */; };
		707C7CEF13825A3F006B6D97 /* SystemConfiguration.framework in Frameworks */ = {isa = PBXBuildFile; fileRef = 707C7CEE13825A3F006B6D97 /* SystemConfiguration.framework */; };
		707C7CF113825A4C006B6D97 /* MobileCoreServices.framework in Frameworks */ = {isa = PBXBuildFile; fileRef = 707C7CF013825A4C006B6D97 /* MobileCoreServices.framework */; };
		707C7CF413825A6B006B6D97 /* libz.1.2.3.dylib in Frameworks */ = {isa = PBXBuildFile; fileRef = 707C7CF313825A6B006B6D97 /* libz.1.2.3.dylib */; };
		70CD9C651389755400366BCB /* Config.m in Sources */ = {isa = PBXBuildFile; fileRef = 70CD9C4E1389755400366BCB /* Config.m */; };
		70CD9C661389755400366BCB /* Config.m in Sources */ = {isa = PBXBuildFile; fileRef = 70CD9C4E1389755400366BCB /* Config.m */; };
		70CD9C671389755400366BCB /* DrinkApp-Info.plist in Resources */ = {isa = PBXBuildFile; fileRef = 70CD9C4F1389755400366BCB /* DrinkApp-Info.plist */; };
		70CD9C681389755400366BCB /* DrinkApp-Info.plist in Resources */ = {isa = PBXBuildFile; fileRef = 70CD9C4F1389755400366BCB /* DrinkApp-Info.plist */; };
		70CD9C691389755400366BCB /* DrinkAppAppDelegate.m in Sources */ = {isa = PBXBuildFile; fileRef = 70CD9C521389755400366BCB /* DrinkAppAppDelegate.m */; };
		70CD9C6A1389755400366BCB /* DrinkAppAppDelegate.m in Sources */ = {isa = PBXBuildFile; fileRef = 70CD9C521389755400366BCB /* DrinkAppAppDelegate.m */; };
		70CD9C6D1389755400366BCB /* InfoPlist.strings in Resources */ = {isa = PBXBuildFile; fileRef = 70CD9C551389755400366BCB /* InfoPlist.strings */; };
		70CD9C6E1389755400366BCB /* InfoPlist.strings in Resources */ = {isa = PBXBuildFile; fileRef = 70CD9C551389755400366BCB /* InfoPlist.strings */; };
		70CD9C6F1389755400366BCB /* MainWindow.xib in Resources */ = {isa = PBXBuildFile; fileRef = 70CD9C571389755400366BCB /* MainWindow.xib */; };
		70CD9C701389755400366BCB /* MainWindow.xib in Resources */ = {isa = PBXBuildFile; fileRef = 70CD9C571389755400366BCB /* MainWindow.xib */; };
		70CD9C751389755400366BCB /* FriendsListViewController.m in Sources */ = {isa = PBXBuildFile; fileRef = 70CD9C5E1389755400366BCB /* FriendsListViewController.m */; };
		70CD9C761389755400366BCB /* FriendsListViewController.m in Sources */ = {isa = PBXBuildFile; fileRef = 70CD9C5E1389755400366BCB /* FriendsListViewController.m */; };
		70CD9C771389755400366BCB /* main.m in Sources */ = {isa = PBXBuildFile; fileRef = 70CD9C5F1389755400366BCB /* main.m */; };
		70CD9C781389755400366BCB /* main.m in Sources */ = {isa = PBXBuildFile; fileRef = 70CD9C5F1389755400366BCB /* main.m */; };
		70CD9C791389755400366BCB /* NetworkInterface.m in Sources */ = {isa = PBXBuildFile; fileRef = 70CD9C621389755400366BCB /* NetworkInterface.m */; };
		70CD9C7A1389755400366BCB /* NetworkInterface.m in Sources */ = {isa = PBXBuildFile; fileRef = 70CD9C621389755400366BCB /* NetworkInterface.m */; };
		70CD9C7B1389755400366BCB /* RESTInterface.m in Sources */ = {isa = PBXBuildFile; fileRef = 70CD9C641389755400366BCB /* RESTInterface.m */; };
		70CD9C7C1389755400366BCB /* RESTInterface.m in Sources */ = {isa = PBXBuildFile; fileRef = 70CD9C641389755400366BCB /* RESTInterface.m */; };
		70CD9C7F1389784E00366BCB /* FriendsListView.xib in Resources */ = {isa = PBXBuildFile; fileRef = 70CD9C7D1389784E00366BCB /* FriendsListView.xib */; };
		70CD9C801389784E00366BCB /* FriendsListView.xib in Resources */ = {isa = PBXBuildFile; fileRef = 70CD9C7D1389784E00366BCB /* FriendsListView.xib */; };
		70E2073E1394A8BA00D858B8 /* CheckinViewController.m in Sources */ = {isa = PBXBuildFile; fileRef = 70E2073B1394A8BA00D858B8 /* CheckinViewController.m */; };
		70E2073F1394A8BA00D858B8 /* CheckinViewController.m in Sources */ = {isa = PBXBuildFile; fileRef = 70E2073B1394A8BA00D858B8 /* CheckinViewController.m */; };
		70E207401394A8BA00D858B8 /* CheckinView.xib in Resources */ = {isa = PBXBuildFile; fileRef = 70E2073C1394A8BA00D858B8 /* CheckinView.xib */; };
		70E207411394A8BA00D858B8 /* CheckinView.xib in Resources */ = {isa = PBXBuildFile; fileRef = 70E2073C1394A8BA00D858B8 /* CheckinView.xib */; };
/* End PBXBuildFile section */

/* Begin PBXContainerItemProxy section */
		706AA309137711F800FBAF2E /* PBXContainerItemProxy */ = {
			isa = PBXContainerItemProxy;
			containerPortal = 706AA2D2137711F700FBAF2E /* Project object */;
			proxyType = 1;
			remoteGlobalIDString = 706AA2DA137711F800FBAF2E;
			remoteInfo = DrinkApp;
		};
		706AA43B137A329E00FBAF2E /* PBXContainerItemProxy */ = {
			isa = PBXContainerItemProxy;
			containerPortal = 706AA405137A329E00FBAF2E /* facebook-ios-sdk.xcodeproj */;
			proxyType = 2;
			remoteGlobalIDString = D2AAC07E0554694100DB518D;
			remoteInfo = "facebook-ios-sdk";
		};
/* End PBXContainerItemProxy section */

/* Begin PBXFileReference section */
		706AA2DB137711F800FBAF2E /* DrinkApp.app */ = {isa = PBXFileReference; explicitFileType = wrapper.application; includeInIndex = 0; path = DrinkApp.app; sourceTree = BUILT_PRODUCTS_DIR; };
		706AA2DF137711F800FBAF2E /* UIKit.framework */ = {isa = PBXFileReference; lastKnownFileType = wrapper.framework; name = UIKit.framework; path = System/Library/Frameworks/UIKit.framework; sourceTree = SDKROOT; };
		706AA2E1137711F800FBAF2E /* Foundation.framework */ = {isa = PBXFileReference; lastKnownFileType = wrapper.framework; name = Foundation.framework; path = System/Library/Frameworks/Foundation.framework; sourceTree = SDKROOT; };
		706AA2E3137711F800FBAF2E /* CoreGraphics.framework */ = {isa = PBXFileReference; lastKnownFileType = wrapper.framework; name = CoreGraphics.framework; path = System/Library/Frameworks/CoreGraphics.framework; sourceTree = SDKROOT; };
		706AA305137711F800FBAF2E /* DrinkAppTests.octest */ = {isa = PBXFileReference; explicitFileType = wrapper.cfbundle; includeInIndex = 0; path = DrinkAppTests.octest; sourceTree = BUILT_PRODUCTS_DIR; };
		706AA30D137711F800FBAF2E /* DrinkAppTests-Info.plist */ = {isa = PBXFileReference; lastKnownFileType = text.plist.xml; path = "DrinkAppTests-Info.plist"; sourceTree = "<group>"; };
		706AA30F137711F800FBAF2E /* en */ = {isa = PBXFileReference; lastKnownFileType = text.plist.strings; name = en; path = en.lproj/InfoPlist.strings; sourceTree = "<group>"; };
		706AA311137711F800FBAF2E /* DrinkAppTests-Prefix.pch */ = {isa = PBXFileReference; lastKnownFileType = sourcecode.c.h; path = "DrinkAppTests-Prefix.pch"; sourceTree = "<group>"; };
		706AA312137711F800FBAF2E /* DrinkAppTests.h */ = {isa = PBXFileReference; lastKnownFileType = sourcecode.c.h; path = DrinkAppTests.h; sourceTree = "<group>"; };
		706AA314137711F800FBAF2E /* DrinkAppTests.m */ = {isa = PBXFileReference; lastKnownFileType = sourcecode.c.objc; path = DrinkAppTests.m; sourceTree = "<group>"; };
		706AA405137A329E00FBAF2E /* facebook-ios-sdk.xcodeproj */ = {isa = PBXFileReference; lastKnownFileType = "wrapper.pb-project"; path = "facebook-ios-sdk.xcodeproj"; sourceTree = "<group>"; };
		706AA408137A329E00FBAF2E /* Facebook.h */ = {isa = PBXFileReference; fileEncoding = 4; lastKnownFileType = sourcecode.c.h; path = Facebook.h; sourceTree = "<group>"; };
		706AA409137A329E00FBAF2E /* Facebook.m */ = {isa = PBXFileReference; fileEncoding = 4; lastKnownFileType = sourcecode.c.objc; path = Facebook.m; sourceTree = "<group>"; };
		706AA40A137A329E00FBAF2E /* facebook_ios_sdk_Prefix.pch */ = {isa = PBXFileReference; fileEncoding = 4; lastKnownFileType = sourcecode.c.h; path = facebook_ios_sdk_Prefix.pch; sourceTree = "<group>"; };
		706AA40B137A329E00FBAF2E /* FBConnect.h */ = {isa = PBXFileReference; fileEncoding = 4; lastKnownFileType = sourcecode.c.h; path = FBConnect.h; sourceTree = "<group>"; };
		706AA40C137A329E00FBAF2E /* FBDialog.bundle */ = {isa = PBXFileReference; lastKnownFileType = "wrapper.plug-in"; path = FBDialog.bundle; sourceTree = "<group>"; };
		706AA40D137A329E00FBAF2E /* FBDialog.h */ = {isa = PBXFileReference; fileEncoding = 4; lastKnownFileType = sourcecode.c.h; path = FBDialog.h; sourceTree = "<group>"; };
		706AA40E137A329E00FBAF2E /* FBDialog.m */ = {isa = PBXFileReference; fileEncoding = 4; lastKnownFileType = sourcecode.c.objc; path = FBDialog.m; sourceTree = "<group>"; };
		706AA40F137A329E00FBAF2E /* FBLoginDialog.h */ = {isa = PBXFileReference; fileEncoding = 4; lastKnownFileType = sourcecode.c.h; path = FBLoginDialog.h; sourceTree = "<group>"; };
		706AA410137A329E00FBAF2E /* FBLoginDialog.m */ = {isa = PBXFileReference; fileEncoding = 4; lastKnownFileType = sourcecode.c.objc; path = FBLoginDialog.m; sourceTree = "<group>"; };
		706AA411137A329E00FBAF2E /* FBRequest.h */ = {isa = PBXFileReference; fileEncoding = 4; lastKnownFileType = sourcecode.c.h; path = FBRequest.h; sourceTree = "<group>"; };
		706AA412137A329E00FBAF2E /* FBRequest.m */ = {isa = PBXFileReference; fileEncoding = 4; lastKnownFileType = sourcecode.c.objc; path = FBRequest.m; sourceTree = "<group>"; };
		706AA414137A329E00FBAF2E /* JSON.h */ = {isa = PBXFileReference; fileEncoding = 4; lastKnownFileType = sourcecode.c.h; path = JSON.h; sourceTree = "<group>"; };
		706AA415137A329E00FBAF2E /* NSObject+SBJSON.h */ = {isa = PBXFileReference; fileEncoding = 4; lastKnownFileType = sourcecode.c.h; path = "NSObject+SBJSON.h"; sourceTree = "<group>"; };
		706AA416137A329E00FBAF2E /* NSObject+SBJSON.m */ = {isa = PBXFileReference; fileEncoding = 4; lastKnownFileType = sourcecode.c.objc; path = "NSObject+SBJSON.m"; sourceTree = "<group>"; };
		706AA417137A329E00FBAF2E /* NSString+SBJSON.h */ = {isa = PBXFileReference; fileEncoding = 4; lastKnownFileType = sourcecode.c.h; path = "NSString+SBJSON.h"; sourceTree = "<group>"; };
		706AA418137A329E00FBAF2E /* NSString+SBJSON.m */ = {isa = PBXFileReference; fileEncoding = 4; lastKnownFileType = sourcecode.c.objc; path = "NSString+SBJSON.m"; sourceTree = "<group>"; };
		706AA419137A329E00FBAF2E /* SBJSON.h */ = {isa = PBXFileReference; fileEncoding = 4; lastKnownFileType = sourcecode.c.h; path = SBJSON.h; sourceTree = "<group>"; };
		706AA41A137A329E00FBAF2E /* SBJSON.m */ = {isa = PBXFileReference; fileEncoding = 4; lastKnownFileType = sourcecode.c.objc; path = SBJSON.m; sourceTree = "<group>"; };
		706AA41B137A329E00FBAF2E /* SBJsonBase.h */ = {isa = PBXFileReference; fileEncoding = 4; lastKnownFileType = sourcecode.c.h; path = SBJsonBase.h; sourceTree = "<group>"; };
		706AA41C137A329E00FBAF2E /* SBJsonBase.m */ = {isa = PBXFileReference; fileEncoding = 4; lastKnownFileType = sourcecode.c.objc; path = SBJsonBase.m; sourceTree = "<group>"; };
		706AA41D137A329E00FBAF2E /* SBJsonParser.h */ = {isa = PBXFileReference; fileEncoding = 4; lastKnownFileType = sourcecode.c.h; path = SBJsonParser.h; sourceTree = "<group>"; };
		706AA41E137A329E00FBAF2E /* SBJsonParser.m */ = {isa = PBXFileReference; fileEncoding = 4; lastKnownFileType = sourcecode.c.objc; path = SBJsonParser.m; sourceTree = "<group>"; };
		706AA41F137A329E00FBAF2E /* SBJsonWriter.h */ = {isa = PBXFileReference; fileEncoding = 4; lastKnownFileType = sourcecode.c.h; path = SBJsonWriter.h; sourceTree = "<group>"; };
		706AA420137A329E00FBAF2E /* SBJsonWriter.m */ = {isa = PBXFileReference; fileEncoding = 4; lastKnownFileType = sourcecode.c.objc; path = SBJsonWriter.m; sourceTree = "<group>"; };
		707C7B7213825944006B6D97 /* ASIAuthenticationDialog.h */ = {isa = PBXFileReference; fileEncoding = 4; lastKnownFileType = sourcecode.c.h; name = ASIAuthenticationDialog.h; path = Classes/ASIAuthenticationDialog.h; sourceTree = "<group>"; };
		707C7B7313825944006B6D97 /* ASIAuthenticationDialog.m */ = {isa = PBXFileReference; fileEncoding = 4; lastKnownFileType = sourcecode.c.objc; name = ASIAuthenticationDialog.m; path = Classes/ASIAuthenticationDialog.m; sourceTree = "<group>"; };
		707C7B7413825944006B6D97 /* ASICacheDelegate.h */ = {isa = PBXFileReference; fileEncoding = 4; lastKnownFileType = sourcecode.c.h; name = ASICacheDelegate.h; path = Classes/ASICacheDelegate.h; sourceTree = "<group>"; };
		707C7B7513825944006B6D97 /* ASIDataCompressor.h */ = {isa = PBXFileReference; fileEncoding = 4; lastKnownFileType = sourcecode.c.h; name = ASIDataCompressor.h; path = Classes/ASIDataCompressor.h; sourceTree = "<group>"; };
		707C7B7613825944006B6D97 /* ASIDataCompressor.m */ = {isa = PBXFileReference; fileEncoding = 4; lastKnownFileType = sourcecode.c.objc; name = ASIDataCompressor.m; path = Classes/ASIDataCompressor.m; sourceTree = "<group>"; };
		707C7B7713825944006B6D97 /* ASIDataDecompressor.h */ = {isa = PBXFileReference; fileEncoding = 4; lastKnownFileType = sourcecode.c.h; name = ASIDataDecompressor.h; path = Classes/ASIDataDecompressor.h; sourceTree = "<group>"; };
		707C7B7813825944006B6D97 /* ASIDataDecompressor.m */ = {isa = PBXFileReference; fileEncoding = 4; lastKnownFileType = sourcecode.c.objc; name = ASIDataDecompressor.m; path = Classes/ASIDataDecompressor.m; sourceTree = "<group>"; };
		707C7B7913825944006B6D97 /* ASIDownloadCache.h */ = {isa = PBXFileReference; fileEncoding = 4; lastKnownFileType = sourcecode.c.h; name = ASIDownloadCache.h; path = Classes/ASIDownloadCache.h; sourceTree = "<group>"; };
		707C7B7A13825944006B6D97 /* ASIDownloadCache.m */ = {isa = PBXFileReference; fileEncoding = 4; lastKnownFileType = sourcecode.c.objc; name = ASIDownloadCache.m; path = Classes/ASIDownloadCache.m; sourceTree = "<group>"; };
		707C7B7B13825944006B6D97 /* ASIFormDataRequest.h */ = {isa = PBXFileReference; fileEncoding = 4; lastKnownFileType = sourcecode.c.h; name = ASIFormDataRequest.h; path = Classes/ASIFormDataRequest.h; sourceTree = "<group>"; };
		707C7B7C13825944006B6D97 /* ASIFormDataRequest.m */ = {isa = PBXFileReference; fileEncoding = 4; lastKnownFileType = sourcecode.c.objc; name = ASIFormDataRequest.m; path = Classes/ASIFormDataRequest.m; sourceTree = "<group>"; };
		707C7B7D13825944006B6D97 /* ASIHTTPRequest.h */ = {isa = PBXFileReference; fileEncoding = 4; lastKnownFileType = sourcecode.c.h; name = ASIHTTPRequest.h; path = Classes/ASIHTTPRequest.h; sourceTree = "<group>"; };
		707C7B7E13825944006B6D97 /* ASIHTTPRequest.m */ = {isa = PBXFileReference; fileEncoding = 4; lastKnownFileType = sourcecode.c.objc; name = ASIHTTPRequest.m; path = Classes/ASIHTTPRequest.m; sourceTree = "<group>"; };
		707C7B7F13825944006B6D97 /* ASIHTTPRequestConfig.h */ = {isa = PBXFileReference; fileEncoding = 4; lastKnownFileType = sourcecode.c.h; name = ASIHTTPRequestConfig.h; path = Classes/ASIHTTPRequestConfig.h; sourceTree = "<group>"; };
		707C7B8013825944006B6D97 /* ASIHTTPRequestDelegate.h */ = {isa = PBXFileReference; fileEncoding = 4; lastKnownFileType = sourcecode.c.h; name = ASIHTTPRequestDelegate.h; path = Classes/ASIHTTPRequestDelegate.h; sourceTree = "<group>"; };
		707C7B8113825944006B6D97 /* ASIInputStream.h */ = {isa = PBXFileReference; fileEncoding = 4; lastKnownFileType = sourcecode.c.h; name = ASIInputStream.h; path = Classes/ASIInputStream.h; sourceTree = "<group>"; };
		707C7B8213825944006B6D97 /* ASIInputStream.m */ = {isa = PBXFileReference; fileEncoding = 4; lastKnownFileType = sourcecode.c.objc; name = ASIInputStream.m; path = Classes/ASIInputStream.m; sourceTree = "<group>"; };
		707C7B8313825944006B6D97 /* ASINetworkQueue.h */ = {isa = PBXFileReference; fileEncoding = 4; lastKnownFileType = sourcecode.c.h; name = ASINetworkQueue.h; path = Classes/ASINetworkQueue.h; sourceTree = "<group>"; };
		707C7B8413825944006B6D97 /* ASINetworkQueue.m */ = {isa = PBXFileReference; fileEncoding = 4; lastKnownFileType = sourcecode.c.objc; name = ASINetworkQueue.m; path = Classes/ASINetworkQueue.m; sourceTree = "<group>"; };
		707C7B8513825944006B6D97 /* ASIProgressDelegate.h */ = {isa = PBXFileReference; fileEncoding = 4; lastKnownFileType = sourcecode.c.h; name = ASIProgressDelegate.h; path = Classes/ASIProgressDelegate.h; sourceTree = "<group>"; };
		707C7BC413825944006B6D97 /* DONORS */ = {isa = PBXFileReference; fileEncoding = 4; lastKnownFileType = text; path = DONORS; sourceTree = "<group>"; };
		707C7BC913825944006B6D97 /* Reachability.h */ = {isa = PBXFileReference; fileEncoding = 4; lastKnownFileType = sourcecode.c.h; name = Reachability.h; path = External/Reachability/Reachability.h; sourceTree = "<group>"; };
		707C7BCA13825944006B6D97 /* Reachability.m */ = {isa = PBXFileReference; fileEncoding = 4; lastKnownFileType = sourcecode.c.objc; name = Reachability.m; path = External/Reachability/Reachability.m; sourceTree = "<group>"; };
		707C7CEC13825A2F006B6D97 /* CFNetwork.framework */ = {isa = PBXFileReference; lastKnownFileType = wrapper.framework; name = CFNetwork.framework; path = System/Library/Frameworks/CFNetwork.framework; sourceTree = SDKROOT; };
		707C7CEE13825A3F006B6D97 /* SystemConfiguration.framework */ = {isa = PBXFileReference; lastKnownFileType = wrapper.framework; name = SystemConfiguration.framework; path = System/Library/Frameworks/SystemConfiguration.framework; sourceTree = SDKROOT; };
		707C7CF013825A4C006B6D97 /* MobileCoreServices.framework */ = {isa = PBXFileReference; lastKnownFileType = wrapper.framework; name = MobileCoreServices.framework; path = System/Library/Frameworks/MobileCoreServices.framework; sourceTree = SDKROOT; };
		707C7CF213825A58006B6D97 /* CoreGraphics.framework */ = {isa = PBXFileReference; lastKnownFileType = wrapper.framework; name = CoreGraphics.framework; path = System/Library/Frameworks/CoreGraphics.framework; sourceTree = SDKROOT; };
		707C7CF313825A6B006B6D97 /* libz.1.2.3.dylib */ = {isa = PBXFileReference; lastKnownFileType = "compiled.mach-o.dylib"; name = libz.1.2.3.dylib; path = usr/lib/libz.1.2.3.dylib; sourceTree = SDKROOT; };
		70CD9C4D1389755400366BCB /* Config.h */ = {isa = PBXFileReference; fileEncoding = 4; lastKnownFileType = sourcecode.c.h; path = Config.h; sourceTree = "<group>"; };
		70CD9C4E1389755400366BCB /* Config.m */ = {isa = PBXFileReference; fileEncoding = 4; lastKnownFileType = sourcecode.c.objc; path = Config.m; sourceTree = "<group>"; };
		70CD9C4F1389755400366BCB /* DrinkApp-Info.plist */ = {isa = PBXFileReference; fileEncoding = 4; lastKnownFileType = text.plist.xml; path = "DrinkApp-Info.plist"; sourceTree = "<group>"; };
		70CD9C501389755400366BCB /* DrinkApp-Prefix.pch */ = {isa = PBXFileReference; fileEncoding = 4; lastKnownFileType = sourcecode.c.h; path = "DrinkApp-Prefix.pch"; sourceTree = "<group>"; };
		70CD9C511389755400366BCB /* DrinkAppAppDelegate.h */ = {isa = PBXFileReference; fileEncoding = 4; lastKnownFileType = sourcecode.c.h; path = DrinkAppAppDelegate.h; sourceTree = "<group>"; };
		70CD9C521389755400366BCB /* DrinkAppAppDelegate.m */ = {isa = PBXFileReference; fileEncoding = 4; lastKnownFileType = sourcecode.c.objc; path = DrinkAppAppDelegate.m; sourceTree = "<group>"; };
		70CD9C561389755400366BCB /* en */ = {isa = PBXFileReference; lastKnownFileType = text.plist.strings; name = en; path = en.lproj/InfoPlist.strings; sourceTree = "<group>"; };
		70CD9C581389755400366BCB /* en */ = {isa = PBXFileReference; lastKnownFileType = file.xib; name = en; path = en.lproj/MainWindow.xib; sourceTree = "<group>"; };
		70CD9C5D1389755400366BCB /* FriendsListViewController.h */ = {isa = PBXFileReference; fileEncoding = 4; lastKnownFileType = sourcecode.c.h; path = FriendsListViewController.h; sourceTree = "<group>"; };
		70CD9C5E1389755400366BCB /* FriendsListViewController.m */ = {isa = PBXFileReference; fileEncoding = 4; lastKnownFileType = sourcecode.c.objc; path = FriendsListViewController.m; sourceTree = "<group>"; };
		70CD9C5F1389755400366BCB /* main.m */ = {isa = PBXFileReference; fileEncoding = 4; lastKnownFileType = sourcecode.c.objc; path = main.m; sourceTree = "<group>"; };
		70CD9C611389755400366BCB /* NetworkInterface.h */ = {isa = PBXFileReference; fileEncoding = 4; lastKnownFileType = sourcecode.c.h; path = NetworkInterface.h; sourceTree = "<group>"; };
		70CD9C621389755400366BCB /* NetworkInterface.m */ = {isa = PBXFileReference; fileEncoding = 4; lastKnownFileType = sourcecode.c.objc; path = NetworkInterface.m; sourceTree = "<group>"; };
		70CD9C631389755400366BCB /* RESTInterface.h */ = {isa = PBXFileReference; fileEncoding = 4; lastKnownFileType = sourcecode.c.h; path = RESTInterface.h; sourceTree = "<group>"; };
		70CD9C641389755400366BCB /* RESTInterface.m */ = {isa = PBXFileReference; fileEncoding = 4; lastKnownFileType = sourcecode.c.objc; path = RESTInterface.m; sourceTree = "<group>"; };
		70CD9C7E1389784E00366BCB /* en */ = {isa = PBXFileReference; lastKnownFileType = file.xib; name = en; path = en.lproj/FriendsListView.xib; sourceTree = "<group>"; };
		70E2073A1394A8BA00D858B8 /* CheckinViewController.h */ = {isa = PBXFileReference; fileEncoding = 4; lastKnownFileType = sourcecode.c.h; path = CheckinViewController.h; sourceTree = "<group>"; };
		70E2073B1394A8BA00D858B8 /* CheckinViewController.m */ = {isa = PBXFileReference; fileEncoding = 4; lastKnownFileType = sourcecode.c.objc; path = CheckinViewController.m; sourceTree = "<group>"; };
		70E2073D1394A8BA00D858B8 /* en */ = {isa = PBXFileReference; lastKnownFileType = file.xib; name = en; path = en.lproj/CheckinView.xib; sourceTree = "<group>"; };
/* End PBXFileReference section */

/* Begin PBXFrameworksBuildPhase section */
		706AA2D8137711F800FBAF2E /* Frameworks */ = {
			isa = PBXFrameworksBuildPhase;
			buildActionMask = 2147483647;
			files = (
				707C7CF413825A6B006B6D97 /* libz.1.2.3.dylib in Frameworks */,
				706AA2E4137711F800FBAF2E /* CoreGraphics.framework in Frameworks */,
				707C7CF113825A4C006B6D97 /* MobileCoreServices.framework in Frameworks */,
				707C7CEF13825A3F006B6D97 /* SystemConfiguration.framework in Frameworks */,
				707C7CED13825A2F006B6D97 /* CFNetwork.framework in Frameworks */,
				706AA2E0137711F800FBAF2E /* UIKit.framework in Frameworks */,
				706AA2E2137711F800FBAF2E /* Foundation.framework in Frameworks */,
			);
			runOnlyForDeploymentPostprocessing = 0;
		};
		706AA301137711F800FBAF2E /* Frameworks */ = {
			isa = PBXFrameworksBuildPhase;
			buildActionMask = 2147483647;
			files = (
				706AA306137711F800FBAF2E /* UIKit.framework in Frameworks */,
				706AA307137711F800FBAF2E /* Foundation.framework in Frameworks */,
				706AA308137711F800FBAF2E /* CoreGraphics.framework in Frameworks */,
			);
			runOnlyForDeploymentPostprocessing = 0;
		};
/* End PBXFrameworksBuildPhase section */

/* Begin PBXGroup section */
		706AA2D0137711F700FBAF2E = {
			isa = PBXGroup;
			children = (
				707C7CF313825A6B006B6D97 /* libz.1.2.3.dylib */,
				707C7CF213825A58006B6D97 /* CoreGraphics.framework */,
				707C7CF013825A4C006B6D97 /* MobileCoreServices.framework */,
				707C7CEE13825A3F006B6D97 /* SystemConfiguration.framework */,
				707C7CEC13825A2F006B6D97 /* CFNetwork.framework */,
				706AA326137717D000FBAF2E /* 3rdParty */,
				70CD9C4C1389755400366BCB /* src */,
				706AA30B137711F800FBAF2E /* DrinkAppTests */,
				706AA2DE137711F800FBAF2E /* Frameworks */,
				706AA2DC137711F800FBAF2E /* Products */,
			);
			sourceTree = "<group>";
		};
		706AA2DC137711F800FBAF2E /* Products */ = {
			isa = PBXGroup;
			children = (
				706AA2DB137711F800FBAF2E /* DrinkApp.app */,
				706AA305137711F800FBAF2E /* DrinkAppTests.octest */,
			);
			name = Products;
			sourceTree = "<group>";
		};
		706AA2DE137711F800FBAF2E /* Frameworks */ = {
			isa = PBXGroup;
			children = (
				706AA2DF137711F800FBAF2E /* UIKit.framework */,
				706AA2E1137711F800FBAF2E /* Foundation.framework */,
				706AA2E3137711F800FBAF2E /* CoreGraphics.framework */,
			);
			name = Frameworks;
			sourceTree = "<group>";
		};
		706AA30B137711F800FBAF2E /* DrinkAppTests */ = {
			isa = PBXGroup;
			children = (
				706AA312137711F800FBAF2E /* DrinkAppTests.h */,
				706AA314137711F800FBAF2E /* DrinkAppTests.m */,
				706AA30C137711F800FBAF2E /* Supporting Files */,
			);
			path = DrinkAppTests;
			sourceTree = "<group>";
		};
		706AA30C137711F800FBAF2E /* Supporting Files */ = {
			isa = PBXGroup;
			children = (
				706AA30D137711F800FBAF2E /* DrinkAppTests-Info.plist */,
				706AA30E137711F800FBAF2E /* InfoPlist.strings */,
				706AA311137711F800FBAF2E /* DrinkAppTests-Prefix.pch */,
			);
			name = "Supporting Files";
			sourceTree = "<group>";
		};
		706AA326137717D000FBAF2E /* 3rdParty */ = {
			isa = PBXGroup;
			children = (
				707C7B4513825944006B6D97 /* asi-http-request */,
				706AA404137A329E00FBAF2E /* facebook-ios-sdk */,
			);
			name = 3rdParty;
			sourceTree = "<group>";
		};
		706AA404137A329E00FBAF2E /* facebook-ios-sdk */ = {
			isa = PBXGroup;
			children = (
				706AA405137A329E00FBAF2E /* facebook-ios-sdk.xcodeproj */,
				706AA408137A329E00FBAF2E /* Facebook.h */,
				706AA409137A329E00FBAF2E /* Facebook.m */,
				706AA40A137A329E00FBAF2E /* facebook_ios_sdk_Prefix.pch */,
				706AA40B137A329E00FBAF2E /* FBConnect.h */,
				706AA40C137A329E00FBAF2E /* FBDialog.bundle */,
				706AA40D137A329E00FBAF2E /* FBDialog.h */,
				706AA40E137A329E00FBAF2E /* FBDialog.m */,
				706AA40F137A329E00FBAF2E /* FBLoginDialog.h */,
				706AA410137A329E00FBAF2E /* FBLoginDialog.m */,
				706AA411137A329E00FBAF2E /* FBRequest.h */,
				706AA412137A329E00FBAF2E /* FBRequest.m */,
				706AA413137A329E00FBAF2E /* JSON */,
			);
			name = "facebook-ios-sdk";
			path = "submodules/facebook-ios-sdk/src";
			sourceTree = "<group>";
		};
		706AA406137A329E00FBAF2E /* Products */ = {
			isa = PBXGroup;
			children = (
				706AA43C137A329E00FBAF2E /* libfacebook_ios_sdk.a */,
			);
			name = Products;
			sourceTree = "<group>";
		};
		706AA413137A329E00FBAF2E /* JSON */ = {
			isa = PBXGroup;
			children = (
				706AA414137A329E00FBAF2E /* JSON.h */,
				706AA415137A329E00FBAF2E /* NSObject+SBJSON.h */,
				706AA416137A329E00FBAF2E /* NSObject+SBJSON.m */,
				706AA417137A329E00FBAF2E /* NSString+SBJSON.h */,
				706AA418137A329E00FBAF2E /* NSString+SBJSON.m */,
				706AA419137A329E00FBAF2E /* SBJSON.h */,
				706AA41A137A329E00FBAF2E /* SBJSON.m */,
				706AA41B137A329E00FBAF2E /* SBJsonBase.h */,
				706AA41C137A329E00FBAF2E /* SBJsonBase.m */,
				706AA41D137A329E00FBAF2E /* SBJsonParser.h */,
				706AA41E137A329E00FBAF2E /* SBJsonParser.m */,
				706AA41F137A329E00FBAF2E /* SBJsonWriter.h */,
				706AA420137A329E00FBAF2E /* SBJsonWriter.m */,
			);
			path = JSON;
			sourceTree = "<group>";
		};
		707C7B4513825944006B6D97 /* asi-http-request */ = {
			isa = PBXGroup;
			children = (
				707C7B7213825944006B6D97 /* ASIAuthenticationDialog.h */,
				707C7B7313825944006B6D97 /* ASIAuthenticationDialog.m */,
				707C7B7413825944006B6D97 /* ASICacheDelegate.h */,
				707C7B7513825944006B6D97 /* ASIDataCompressor.h */,
				707C7B7613825944006B6D97 /* ASIDataCompressor.m */,
				707C7B7713825944006B6D97 /* ASIDataDecompressor.h */,
				707C7B7813825944006B6D97 /* ASIDataDecompressor.m */,
				707C7B7913825944006B6D97 /* ASIDownloadCache.h */,
				707C7B7A13825944006B6D97 /* ASIDownloadCache.m */,
				707C7B7B13825944006B6D97 /* ASIFormDataRequest.h */,
				707C7B7C13825944006B6D97 /* ASIFormDataRequest.m */,
				707C7B7D13825944006B6D97 /* ASIHTTPRequest.h */,
				707C7B7E13825944006B6D97 /* ASIHTTPRequest.m */,
				707C7B7F13825944006B6D97 /* ASIHTTPRequestConfig.h */,
				707C7B8013825944006B6D97 /* ASIHTTPRequestDelegate.h */,
				707C7B8113825944006B6D97 /* ASIInputStream.h */,
				707C7B8213825944006B6D97 /* ASIInputStream.m */,
				707C7B8313825944006B6D97 /* ASINetworkQueue.h */,
				707C7B8413825944006B6D97 /* ASINetworkQueue.m */,
				707C7B8513825944006B6D97 /* ASIProgressDelegate.h */,
				707C7BC913825944006B6D97 /* Reachability.h */,
				707C7BCA13825944006B6D97 /* Reachability.m */,
				707C7BC413825944006B6D97 /* DONORS */,
			);
			name = "asi-http-request";
			path = "submodules/asi-http-request";
			sourceTree = "<group>";
		};
		70CD9C4C1389755400366BCB /* src */ = {
			isa = PBXGroup;
			children = (
				70CD9C811389795800366BCB /* FriendsList */,
				70CD9C4D1389755400366BCB /* Config.h */,
				70CD9C4E1389755400366BCB /* Config.m */,
				70CD9C4F1389755400366BCB /* DrinkApp-Info.plist */,
				70CD9C501389755400366BCB /* DrinkApp-Prefix.pch */,
				70CD9C511389755400366BCB /* DrinkAppAppDelegate.h */,
				70CD9C521389755400366BCB /* DrinkAppAppDelegate.m */,
				70CD9C551389755400366BCB /* InfoPlist.strings */,
				70E2073A1394A8BA00D858B8 /* CheckinViewController.h */,
				70E2073B1394A8BA00D858B8 /* CheckinViewController.m */,
				70E2073C1394A8BA00D858B8 /* CheckinView.xib */,
				70CD9C571389755400366BCB /* MainWindow.xib */,
				70CD9C5F1389755400366BCB /* main.m */,
				70CD9C601389755400366BCB /* networking */,
				70CD9C631389755400366BCB /* RESTInterface.h */,
				70CD9C641389755400366BCB /* RESTInterface.m */,
			);
			path = src;
			sourceTree = "<group>";
		};
		70CD9C601389755400366BCB /* networking */ = {
			isa = PBXGroup;
			children = (
				70CD9C611389755400366BCB /* NetworkInterface.h */,
				70CD9C621389755400366BCB /* NetworkInterface.m */,
			);
			path = networking;
			sourceTree = "<group>";
		};
		70CD9C811389795800366BCB /* FriendsList */ = {
			isa = PBXGroup;
			children = (
				70CD9C5D1389755400366BCB /* FriendsListViewController.h */,
				70CD9C5E1389755400366BCB /* FriendsListViewController.m */,
				70CD9C7D1389784E00366BCB /* FriendsListView.xib */,
			);
			name = FriendsList;
			sourceTree = "<group>";
		};
/* End PBXGroup section */

/* Begin PBXNativeTarget section */
		706AA2DA137711F800FBAF2E /* DrinkApp */ = {
			isa = PBXNativeTarget;
			buildConfigurationList = 706AA318137711F800FBAF2E /* Build configuration list for PBXNativeTarget "DrinkApp" */;
			buildPhases = (
				706AA2D7137711F800FBAF2E /* Sources */,
				706AA2D8137711F800FBAF2E /* Frameworks */,
				706AA2D9137711F800FBAF2E /* Resources */,
			);
			buildRules = (
			);
			dependencies = (
			);
			name = DrinkApp;
			productName = DrinkApp;
			productReference = 706AA2DB137711F800FBAF2E /* DrinkApp.app */;
			productType = "com.apple.product-type.application";
		};
		706AA304137711F800FBAF2E /* DrinkAppTests */ = {
			isa = PBXNativeTarget;
			buildConfigurationList = 706AA31B137711F800FBAF2E /* Build configuration list for PBXNativeTarget "DrinkAppTests" */;
			buildPhases = (
				706AA300137711F800FBAF2E /* Sources */,
				706AA301137711F800FBAF2E /* Frameworks */,
				706AA302137711F800FBAF2E /* Resources */,
				706AA303137711F800FBAF2E /* ShellScript */,
			);
			buildRules = (
			);
			dependencies = (
				706AA30A137711F800FBAF2E /* PBXTargetDependency */,
			);
			name = DrinkAppTests;
			productName = DrinkAppTests;
			productReference = 706AA305137711F800FBAF2E /* DrinkAppTests.octest */;
			productType = "com.apple.product-type.bundle";
		};
/* End PBXNativeTarget section */

/* Begin PBXProject section */
		706AA2D2137711F700FBAF2E /* Project object */ = {
			isa = PBXProject;
			buildConfigurationList = 706AA2D5137711F700FBAF2E /* Build configuration list for PBXProject "DrinkApp" */;
			compatibilityVersion = "Xcode 3.2";
			developmentRegion = English;
			hasScannedForEncodings = 0;
			knownRegions = (
				en,
				English,
			);
			mainGroup = 706AA2D0137711F700FBAF2E;
			productRefGroup = 706AA2DC137711F800FBAF2E /* Products */;
			projectDirPath = "";
			projectReferences = (
				{
					ProductGroup = 706AA406137A329E00FBAF2E /* Products */;
					ProjectRef = 706AA405137A329E00FBAF2E /* facebook-ios-sdk.xcodeproj */;
				},
			);
			projectRoot = "";
			targets = (
				706AA2DA137711F800FBAF2E /* DrinkApp */,
				706AA304137711F800FBAF2E /* DrinkAppTests */,
			);
		};
/* End PBXProject section */

/* Begin PBXReferenceProxy section */
		706AA43C137A329E00FBAF2E /* libfacebook_ios_sdk.a */ = {
			isa = PBXReferenceProxy;
			fileType = archive.ar;
			path = libfacebook_ios_sdk.a;
			remoteRef = 706AA43B137A329E00FBAF2E /* PBXContainerItemProxy */;
			sourceTree = BUILT_PRODUCTS_DIR;
		};
/* End PBXReferenceProxy section */

/* Begin PBXResourcesBuildPhase section */
		706AA2D9137711F800FBAF2E /* Resources */ = {
			isa = PBXResourcesBuildPhase;
			buildActionMask = 2147483647;
			files = (
				706AA426137A329E00FBAF2E /* FBDialog.bundle in Resources */,
				707C7C9313825944006B6D97 /* DONORS in Resources */,
				70CD9C671389755400366BCB /* DrinkApp-Info.plist in Resources */,
				70CD9C6D1389755400366BCB /* InfoPlist.strings in Resources */,
				70CD9C6F1389755400366BCB /* MainWindow.xib in Resources */,
				70CD9C7F1389784E00366BCB /* FriendsListView.xib in Resources */,
				70E207401394A8BA00D858B8 /* CheckinView.xib in Resources */,
			);
			runOnlyForDeploymentPostprocessing = 0;
		};
		706AA302137711F800FBAF2E /* Resources */ = {
			isa = PBXResourcesBuildPhase;
			buildActionMask = 2147483647;
			files = (
				706AA310137711F800FBAF2E /* InfoPlist.strings in Resources */,
				706AA313137711F800FBAF2E /* DrinkAppTests.h in Resources */,
				706AA427137A329E00FBAF2E /* FBDialog.bundle in Resources */,
				707C7C9413825944006B6D97 /* DONORS in Resources */,
				70CD9C681389755400366BCB /* DrinkApp-Info.plist in Resources */,
				70CD9C6E1389755400366BCB /* InfoPlist.strings in Resources */,
				70CD9C701389755400366BCB /* MainWindow.xib in Resources */,
				70CD9C801389784E00366BCB /* FriendsListView.xib in Resources */,
				70E207411394A8BA00D858B8 /* CheckinView.xib in Resources */,
			);
			runOnlyForDeploymentPostprocessing = 0;
		};
/* End PBXResourcesBuildPhase section */

/* Begin PBXShellScriptBuildPhase section */
		706AA303137711F800FBAF2E /* ShellScript */ = {
			isa = PBXShellScriptBuildPhase;
			buildActionMask = 2147483647;
			files = (
			);
			inputPaths = (
			);
			outputPaths = (
			);
			runOnlyForDeploymentPostprocessing = 0;
			shellPath = /bin/sh;
			shellScript = "# Run the unit tests in this test bundle.\n\"${SYSTEM_DEVELOPER_DIR}/Tools/RunUnitTests\"\n";
		};
/* End PBXShellScriptBuildPhase section */

/* Begin PBXSourcesBuildPhase section */
		706AA2D7137711F800FBAF2E /* Sources */ = {
			isa = PBXSourcesBuildPhase;
			buildActionMask = 2147483647;
			files = (
				706AA424137A329E00FBAF2E /* Facebook.m in Sources */,
				706AA428137A329E00FBAF2E /* FBDialog.m in Sources */,
				706AA42A137A329E00FBAF2E /* FBLoginDialog.m in Sources */,
				706AA42C137A329E00FBAF2E /* FBRequest.m in Sources */,
				706AA42E137A329E00FBAF2E /* NSObject+SBJSON.m in Sources */,
				706AA430137A329E00FBAF2E /* NSString+SBJSON.m in Sources */,
				706AA432137A329E00FBAF2E /* SBJSON.m in Sources */,
				706AA434137A329E00FBAF2E /* SBJsonBase.m in Sources */,
				706AA436137A329E00FBAF2E /* SBJsonParser.m in Sources */,
				706AA438137A329E00FBAF2E /* SBJsonWriter.m in Sources */,
				707C7C4913825944006B6D97 /* ASIAuthenticationDialog.m in Sources */,
				707C7C4B13825944006B6D97 /* ASIDataCompressor.m in Sources */,
				707C7C4D13825944006B6D97 /* ASIDataDecompressor.m in Sources */,
				707C7C4F13825944006B6D97 /* ASIDownloadCache.m in Sources */,
				707C7C5113825944006B6D97 /* ASIFormDataRequest.m in Sources */,
				707C7C5313825944006B6D97 /* ASIHTTPRequest.m in Sources */,
				707C7C5513825944006B6D97 /* ASIInputStream.m in Sources */,
				707C7C5713825944006B6D97 /* ASINetworkQueue.m in Sources */,
				707C7C9713825944006B6D97 /* Reachability.m in Sources */,
				70CD9C651389755400366BCB /* Config.m in Sources */,
				70CD9C691389755400366BCB /* DrinkAppAppDelegate.m in Sources */,
				70CD9C751389755400366BCB /* FriendsListViewController.m in Sources */,
				70CD9C771389755400366BCB /* main.m in Sources */,
				70CD9C791389755400366BCB /* NetworkInterface.m in Sources */,
				70CD9C7B1389755400366BCB /* RESTInterface.m in Sources */,
				70E2073E1394A8BA00D858B8 /* CheckinViewController.m in Sources */,
			);
			runOnlyForDeploymentPostprocessing = 0;
		};
		706AA300137711F800FBAF2E /* Sources */ = {
			isa = PBXSourcesBuildPhase;
			buildActionMask = 2147483647;
			files = (
				706AA315137711F800FBAF2E /* DrinkAppTests.m in Sources */,
				706AA425137A329E00FBAF2E /* Facebook.m in Sources */,
				706AA429137A329E00FBAF2E /* FBDialog.m in Sources */,
				706AA42B137A329E00FBAF2E /* FBLoginDialog.m in Sources */,
				706AA42D137A329E00FBAF2E /* FBRequest.m in Sources */,
				706AA42F137A329E00FBAF2E /* NSObject+SBJSON.m in Sources */,
				706AA431137A329E00FBAF2E /* NSString+SBJSON.m in Sources */,
				706AA433137A329E00FBAF2E /* SBJSON.m in Sources */,
				706AA435137A329E00FBAF2E /* SBJsonBase.m in Sources */,
				706AA437137A329E00FBAF2E /* SBJsonParser.m in Sources */,
				706AA439137A329E00FBAF2E /* SBJsonWriter.m in Sources */,
				707C7C4A13825944006B6D97 /* ASIAuthenticationDialog.m in Sources */,
				707C7C4C13825944006B6D97 /* ASIDataCompressor.m in Sources */,
				707C7C4E13825944006B6D97 /* ASIDataDecompressor.m in Sources */,
				707C7C5013825944006B6D97 /* ASIDownloadCache.m in Sources */,
				707C7C5213825944006B6D97 /* ASIFormDataRequest.m in Sources */,
				707C7C5413825944006B6D97 /* ASIHTTPRequest.m in Sources */,
				707C7C5613825944006B6D97 /* ASIInputStream.m in Sources */,
				707C7C5813825944006B6D97 /* ASINetworkQueue.m in Sources */,
				707C7C9813825944006B6D97 /* Reachability.m in Sources */,
				70CD9C661389755400366BCB /* Config.m in Sources */,
				70CD9C6A1389755400366BCB /* DrinkAppAppDelegate.m in Sources */,
				70CD9C761389755400366BCB /* FriendsListViewController.m in Sources */,
				70CD9C781389755400366BCB /* main.m in Sources */,
				70CD9C7A1389755400366BCB /* NetworkInterface.m in Sources */,
				70CD9C7C1389755400366BCB /* RESTInterface.m in Sources */,
				70E2073F1394A8BA00D858B8 /* CheckinViewController.m in Sources */,
			);
			runOnlyForDeploymentPostprocessing = 0;
		};
/* End PBXSourcesBuildPhase section */

/* Begin PBXTargetDependency section */
		706AA30A137711F800FBAF2E /* PBXTargetDependency */ = {
			isa = PBXTargetDependency;
			target = 706AA2DA137711F800FBAF2E /* DrinkApp */;
			targetProxy = 706AA309137711F800FBAF2E /* PBXContainerItemProxy */;
		};
/* End PBXTargetDependency section */

/* Begin PBXVariantGroup section */
		706AA30E137711F800FBAF2E /* InfoPlist.strings */ = {
			isa = PBXVariantGroup;
			children = (
				706AA30F137711F800FBAF2E /* en */,
			);
			name = InfoPlist.strings;
			sourceTree = "<group>";
		};
		70CD9C551389755400366BCB /* InfoPlist.strings */ = {
			isa = PBXVariantGroup;
			children = (
				70CD9C561389755400366BCB /* en */,
			);
			name = InfoPlist.strings;
			sourceTree = "<group>";
		};
		70CD9C571389755400366BCB /* MainWindow.xib */ = {
			isa = PBXVariantGroup;
			children = (
				70CD9C581389755400366BCB /* en */,
			);
			name = MainWindow.xib;
			sourceTree = "<group>";
		};
		70CD9C7D1389784E00366BCB /* FriendsListView.xib */ = {
			isa = PBXVariantGroup;
			children = (
				70CD9C7E1389784E00366BCB /* en */,
			);
			name = FriendsListView.xib;
			sourceTree = "<group>";
		};
		70E2073C1394A8BA00D858B8 /* CheckinView.xib */ = {
			isa = PBXVariantGroup;
			children = (
				70E2073D1394A8BA00D858B8 /* en */,
			);
			name = CheckinView.xib;
			sourceTree = "<group>";
		};
/* End PBXVariantGroup section */

/* Begin XCBuildConfiguration section */
		706AA316137711F800FBAF2E /* Debug */ = {
			isa = XCBuildConfiguration;
			buildSettings = {
				ARCHS = "$(ARCHS_STANDARD_32_BIT)";
				"CODE_SIGN_IDENTITY[sdk=iphoneos*]" = "iPhone Developer";
				GCC_C_LANGUAGE_STANDARD = gnu99;
				GCC_OPTIMIZATION_LEVEL = 0;
				GCC_PREPROCESSOR_DEFINITIONS = DEBUG;
				GCC_SYMBOLS_PRIVATE_EXTERN = NO;
				GCC_TREAT_WARNINGS_AS_ERRORS = YES;
				GCC_VERSION = com.apple.compilers.llvmgcc42;
				GCC_WARN_ABOUT_RETURN_TYPE = YES;
				GCC_WARN_UNUSED_VARIABLE = YES;
				IPHONEOS_DEPLOYMENT_TARGET = 4.3;
				SDKROOT = iphoneos;
			};
			name = Debug;
		};
		706AA317137711F800FBAF2E /* Release */ = {
			isa = XCBuildConfiguration;
			buildSettings = {
				ARCHS = "$(ARCHS_STANDARD_32_BIT)";
				"CODE_SIGN_IDENTITY[sdk=iphoneos*]" = "iPhone Developer";
				GCC_C_LANGUAGE_STANDARD = gnu99;
				GCC_TREAT_WARNINGS_AS_ERRORS = YES;
				GCC_VERSION = com.apple.compilers.llvmgcc42;
				GCC_WARN_ABOUT_RETURN_TYPE = YES;
				GCC_WARN_UNUSED_VARIABLE = YES;
				IPHONEOS_DEPLOYMENT_TARGET = 4.3;
				OTHER_CFLAGS = "-DNS_BLOCK_ASSERTIONS=1";
				SDKROOT = iphoneos;
			};
			name = Release;
		};
		706AA319137711F800FBAF2E /* Debug */ = {
			isa = XCBuildConfiguration;
			buildSettings = {
				ALWAYS_SEARCH_USER_PATHS = NO;
				COPY_PHASE_STRIP = NO;
				GCC_DYNAMIC_NO_PIC = NO;
				GCC_PRECOMPILE_PREFIX_HEADER = YES;
				GCC_PREFIX_HEADER = "src/DrinkApp-Prefix.pch";
				INFOPLIST_FILE = "src/DrinkApp-Info.plist";
				PRODUCT_NAME = "$(TARGET_NAME)";
				WRAPPER_EXTENSION = app;
			};
			name = Debug;
		};
		706AA31A137711F800FBAF2E /* Release */ = {
			isa = XCBuildConfiguration;
			buildSettings = {
				ALWAYS_SEARCH_USER_PATHS = NO;
				COPY_PHASE_STRIP = YES;
				GCC_PRECOMPILE_PREFIX_HEADER = YES;
				GCC_PREFIX_HEADER = "src/DrinkApp-Prefix.pch";
				INFOPLIST_FILE = "src/DrinkApp-Info.plist";
				PRODUCT_NAME = "$(TARGET_NAME)";
				VALIDATE_PRODUCT = YES;
				WRAPPER_EXTENSION = app;
			};
			name = Release;
		};
		706AA31C137711F800FBAF2E /* Debug */ = {
			isa = XCBuildConfiguration;
			buildSettings = {
				ALWAYS_SEARCH_USER_PATHS = NO;
				BUNDLE_LOADER = "$(BUILT_PRODUCTS_DIR)/DrinkApp.app/DrinkApp";
				FRAMEWORK_SEARCH_PATHS = (
					"$(SDKROOT)/Developer/Library/Frameworks",
					"$(DEVELOPER_LIBRARY_DIR)/Frameworks",
				);
				GCC_PRECOMPILE_PREFIX_HEADER = YES;
				GCC_PREFIX_HEADER = "DrinkAppTests/DrinkAppTests-Prefix.pch";
				INFOPLIST_FILE = "DrinkAppTests/DrinkAppTests-Info.plist";
				OTHER_LDFLAGS = (
					"-framework",
					SenTestingKit,
				);
				PRODUCT_NAME = "$(TARGET_NAME)";
				TEST_HOST = "$(BUNDLE_LOADER)";
				WRAPPER_EXTENSION = octest;
			};
			name = Debug;
		};
		706AA31D137711F800FBAF2E /* Release */ = {
			isa = XCBuildConfiguration;
			buildSettings = {
				ALWAYS_SEARCH_USER_PATHS = NO;
				BUNDLE_LOADER = "$(BUILT_PRODUCTS_DIR)/DrinkApp.app/DrinkApp";
				FRAMEWORK_SEARCH_PATHS = (
					"$(SDKROOT)/Developer/Library/Frameworks",
					"$(DEVELOPER_LIBRARY_DIR)/Frameworks",
				);
				GCC_PRECOMPILE_PREFIX_HEADER = YES;
				GCC_PREFIX_HEADER = "DrinkAppTests/DrinkAppTests-Prefix.pch";
				INFOPLIST_FILE = "DrinkAppTests/DrinkAppTests-Info.plist";
				OTHER_LDFLAGS = (
					"-framework",
					SenTestingKit,
				);
				PRODUCT_NAME = "$(TARGET_NAME)";
				TEST_HOST = "$(BUNDLE_LOADER)";
				WRAPPER_EXTENSION = octest;
			};
			name = Release;
		};
/* End XCBuildConfiguration section */

/* Begin XCConfigurationList section */
		706AA2D5137711F700FBAF2E /* Build configuration list for PBXProject "DrinkApp" */ = {
			isa = XCConfigurationList;
			buildConfigurations = (
				706AA316137711F800FBAF2E /* Debug */,
				706AA317137711F800FBAF2E /* Release */,
			);
			defaultConfigurationIsVisible = 0;
			defaultConfigurationName = Release;
		};
		706AA318137711F800FBAF2E /* Build configuration list for PBXNativeTarget "DrinkApp" */ = {
			isa = XCConfigurationList;
			buildConfigurations = (
				706AA319137711F800FBAF2E /* Debug */,
				706AA31A137711F800FBAF2E /* Release */,
			);
			defaultConfigurationIsVisible = 0;
			defaultConfigurationName = Release;
		};
		706AA31B137711F800FBAF2E /* Build configuration list for PBXNativeTarget "DrinkAppTests" */ = {
			isa = XCConfigurationList;
			buildConfigurations = (
				706AA31C137711F800FBAF2E /* Debug */,
				706AA31D137711F800FBAF2E /* Release */,
			);
			defaultConfigurationIsVisible = 0;
			defaultConfigurationName = Release;
		};
/* End XCConfigurationList section */
	};
	rootObject = 706AA2D2137711F700FBAF2E /* Project object */;
}
